
Microsoft Visual Studio Solution File, Format Version 12.00
# Visual Studio Version 16
VisualStudioVersion = 16.0.29920.165
MinimumVisualStudioVersion = 10.0.40219.1
Project("{FAE04EC0-301F-11D3-BF4B-00C04F79EFBC}") = "Vigenere_Window", "Vigenere_Window\Vigenere_Window.csproj", "{470151ED-18B7-4E8C-9EEE-23A902C127B6}"
EndProject
Project("{8BC9CEB8-8B4A-11D0-8D11-00A0C91BC942}") = "Vigenere.ASM", "Vigenere.ASM\Vigenere.ASM.vcxproj", "{DB96E4AC-1061-4BF2-A5A2-4E6A9F00AFCD}"
EndProject
Project("{FAE04EC0-301F-11D3-BF4B-00C04F79EFBC}") = "Vigenere", "Vigenere\Vigenere.csproj", "{54AAE775-64B5-4F65-89CB-749D64A39E39}"
EndProject
Global
	GlobalSection(SolutionConfigurationPlatforms) = preSolution
		Debug|Any CPU = Debug|Any CPU
		Debug|x64 = Debug|x64
		Debug|x86 = Debug|x86
		Release|Any CPU = Release|Any CPU
		Release|x64 = Release|x64
		Release|x86 = Release|x86
	EndGlobalSection
	GlobalSection(ProjectConfigurationPlatforms) = postSolution
		{470151ED-18B7-4E8C-9EEE-23A902C127B6}.Debug|Any CPU.ActiveCfg = Debug|Any CPU
		{470151ED-18B7-4E8C-9EEE-23A902C127B6}.Debug|Any CPU.Build.0 = Debug|Any CPU
		{470151ED-18B7-4E8C-9EEE-23A902C127B6}.Debug|x64.ActiveCfg = Debug|Any CPU
		{470151ED-18B7-4E8C-9EEE-23A902C127B6}.Debug|x64.Build.0 = Debug|Any CPU
		{470151ED-18B7-4E8C-9EEE-23A902C127B6}.Debug|x86.ActiveCfg = Debug|Any CPU
		{470151ED-18B7-4E8C-9EEE-23A902C127B6}.Debug|x86.Build.0 = Debug|Any CPU
		{470151ED-18B7-4E8C-9EEE-23A902C127B6}.Release|Any CPU.ActiveCfg = Release|Any CPU
		{470151ED-18B7-4E8C-9EEE-23A902C127B6}.Release|Any CPU.Build.0 = Release|Any CPU
		{470151ED-18B7-4E8C-9EEE-23A902C127B6}.Release|x64.ActiveCfg = Release|Any CPU
		{470151ED-18B7-4E8C-9EEE-23A902C127B6}.Release|x64.Build.0 = Release|Any CPU
		{470151ED-18B7-4E8C-9EEE-23A902C127B6}.Release|x86.ActiveCfg = Release|Any CPU
		{470151ED-18B7-4E8C-9EEE-23A902C127B6}.Release|x86.Build.0 = Release|Any CPU
		{DB96E4AC-1061-4BF2-A5A2-4E6A9F00AFCD}.Debug|Any CPU.ActiveCfg = Debug|Win32
		{DB96E4AC-1061-4BF2-A5A2-4E6A9F00AFCD}.Debug|x64.ActiveCfg = Debug|x64
		{DB96E4AC-1061-4BF2-A5A2-4E6A9F00AFCD}.Debug|x64.Build.0 = Debug|x64
		{DB96E4AC-1061-4BF2-A5A2-4E6A9F00AFCD}.Debug|x86.ActiveCfg = Debug|Win32
		{DB96E4AC-1061-4BF2-A5A2-4E6A9F00AFCD}.Debug|x86.Build.0 = Debug|Win32
		{DB96E4AC-1061-4BF2-A5A2-4E6A9F00AFCD}.Release|Any CPU.ActiveCfg = Release|Win32
		{DB96E4AC-1061-4BF2-A5A2-4E6A9F00AFCD}.Release|x64.ActiveCfg = Release|x64
		{DB96E4AC-1061-4BF2-A5A2-4E6A9F00AFCD}.Release|x64.Build.0 = Release|x64
		{DB96E4AC-1061-4BF2-A5A2-4E6A9F00AFCD}.Release|x86.ActiveCfg = Release|Win32
		{DB96E4AC-1061-4BF2-A5A2-4E6A9F00AFCD}.Release|x86.Build.0 = Release|Win32
		{54AAE775-64B5-4F65-89CB-749D64A39E39}.Debug|Any CPU.ActiveCfg = Debug|Any CPU
		{54AAE775-64B5-4F65-89CB-749D64A39E39}.Debug|Any CPU.Build.0 = Debug|Any CPU
		{54AAE775-64B5-4F65-89CB-749D64A39E39}.Debug|x64.ActiveCfg = Debug|Any CPU
		{54AAE775-64B5-4F65-89CB-749D64A39E39}.Debug|x64.Build.0 = Debug|Any CPU
		{54AAE775-64B5-4F65-89CB-749D64A39E39}.Debug|x86.ActiveCfg = Debug|Any CPU
		{54AAE775-64B5-4F65-89CB-749D64A39E39}.Debug|x86.Build.0 = Debug|Any CPU
		{54AAE775-64B5-4F65-89CB-749D64A39E39}.Release|Any CPU.ActiveCfg = Release|Any CPU
		{54AAE775-64B5-4F65-89CB-749D64A39E39}.Release|Any CPU.Build.0 = Release|Any CPU
		{54AAE775-64B5-4F65-89CB-749D64A39E39}.Release|x64.ActiveCfg = Release|Any CPU
		{54AAE775-64B5-4F65-89CB-749D64A39E39}.Release|x64.Build.0 = Release|Any CPU
		{54AAE775-64B5-4F65-89CB-749D64A39E39}.Release|x86.ActiveCfg = Release|Any CPU
		{54AAE775-64B5-4F65-89CB-749D64A39E39}.Release|x86.Build.0 = Release|Any CPU
	EndGlobalSection
	GlobalSection(SolutionProperties) = preSolution
		HideSolutionNode = FALSE
	EndGlobalSection
	GlobalSection(ExtensibilityGlobals) = postSolution
		SolutionGuid = {D25AB8B9-D152-4CB4-A454-A5258CEB2A9E}
	EndGlobalSection
EndGlobal
